
Microsoft Visual Studio Solution File, Format Version 12.00
# Visual Studio Version 16
VisualStudioVersion = 16.0.30907.101
MinimumVisualStudioVersion = 10.0.40219.1
Project("{FAE04EC0-301F-11D3-BF4B-00C04F79EFBC}") = "SudokuSolver", "SudokuSolver.csproj", "{0F7B2C43-69CC-412C-8D9E-2A6930AF1B13}"
EndProject
Global
	GlobalSection(SolutionConfigurationPlatforms) = preSolution
		Debug|Any CPU = Debug|Any CPU
		Release|Any CPU = Release|Any CPU
	EndGlobalSection
	GlobalSection(ProjectConfigurationPlatforms) = postSolution
		{0F7B2C43-69CC-412C-8D9E-2A6930AF1B13}.Debug|Any CPU.ActiveCfg = Debug|Any CPU
		{0F7B2C43-69CC-412C-8D9E-2A6930AF1B13}.Debug|Any CPU.Build.0 = Debug|Any CPU
		{0F7B2C43-69CC-412C-8D9E-2A6930AF1B13}.Release|Any CPU.ActiveCfg = Release|Any CPU
		{0F7B2C43-69CC-412C-8D9E-2A6930AF1B13}.Release|Any CPU.Build.0 = Release|Any CPU
	EndGlobalSection
	GlobalSection(SolutionProperties) = preSolution
		HideSolutionNode = FALSE
	EndGlobalSection
	GlobalSection(ExtensibilityGlobals) = postSolution
		SolutionGuid = {39C09374-9867-4072-9AED-3004BD3FB206}
	EndGlobalSection
EndGlobal
